hash: fa6b47593c912fd3ce7a0a9bb3f2893f61e3e4b6f7a5772c5e602e1038d74015
updated: 2017-06-02T10:26:06.121356863+02:00
imports:
- name: github.com/gorilla/handlers
  version: a4043c62cc2329bacda331d33fc908ab11ef0ec3
  repo: https://github.com/gorilla/handlers
  vcs: git
- name: github.com/inconshreveable/mousetrap
  version: 76626ae9c91c4f2a10f34cad8ce83ea42c93bb75
  repo: https://github.com/inconshreveable/mousetrap
  vcs: git
- name: github.com/spf13/cobra
  version: 8d4ce3549a0bf0e3569df3aae7423b7743cd05a9
  repo: https://github.com/spf13/cobra
  vcs: git
- name: github.com/spf13/pflag
  version: e57e3eeb33f795204c1ca35f56c44f83227c6e66
  repo: https://github.com/spf13/pflag
  vcs: git
- name: goji.io
  version: 0d89ff54b2c18c9c4ba530e32496aef902d3c6cd
  repo: https://github.com/goji/goji
  vcs: git
  subpackages:
  - internal
  - middleware
  - pat
  - pattern
- name: golang.org/x/net
  version: 3da985ce5951d99de868be4385f21ea6c2b22f24
  repo: https://github.com/golang/net
  vcs: git
testImports: []
