hash: 2a84da35c7f6887fc08d80cd20da4e38731a81ea9845e1f137f1ba9913d0268d
updated: 2017-05-31T23:28:23.41107346+02:00
imports:
- name: github.com/gorilla/handlers
  version: a4043c62cc2329bacda331d33fc908ab11ef0ec3
- name: github.com/inconshreveable/mousetrap
  version: 76626ae9c91c4f2a10f34cad8ce83ea42c93bb75
- name: github.com/spf13/cobra
  version: 8d4ce3549a0bf0e3569df3aae7423b7743cd05a9
- name: github.com/spf13/pflag
  version: e57e3eeb33f795204c1ca35f56c44f83227c6e66
- name: goji.io
  version: 0d89ff54b2c18c9c4ba530e32496aef902d3c6cd
  repo: https://github.com/goji/goji
  vcs: git
  subpackages:
  - internal
  - middleware
  - pat
  - pattern
- name: golang.org/x/net
  version: 45e771701b814666a7eb299e6c7a57d0b1799e91
  repo: https://github.com/golang/net
  vcs: git
testImports: []
